
Microsoft Visual Studio Solution File, Format Version 12.00
# Visual Studio Version 17
VisualStudioVersion = 17.11.35327.3
MinimumVisualStudioVersion = 10.0.40219.1
Project("{FAE04EC0-301F-11D3-BF4B-00C04F79EFBC}") = "06_Class_Intro", "06_Class_Intro\06_Class_Intro.csproj", "{4068FE08-D93B-475D-B997-8D5F940AB016}"
EndProject
Global
	GlobalSection(SolutionConfigurationPlatforms) = preSolution
		Debug|Any CPU = Debug|Any CPU
		Release|Any CPU = Release|Any CPU
	EndGlobalSection
	GlobalSection(ProjectConfigurationPlatforms) = postSolution
		{4068FE08-D93B-475D-B997-8D5F940AB016}.Debug|Any CPU.ActiveCfg = Debug|Any CPU
		{4068FE08-D93B-475D-B997-8D5F940AB016}.Debug|Any CPU.Build.0 = Debug|Any CPU
		{4068FE08-D93B-475D-B997-8D5F940AB016}.Release|Any CPU.ActiveCfg = Release|Any CPU
		{4068FE08-D93B-475D-B997-8D5F940AB016}.Release|Any CPU.Build.0 = Release|Any CPU
	EndGlobalSection
	GlobalSection(SolutionProperties) = preSolution
		HideSolutionNode = FALSE
	EndGlobalSection
	GlobalSection(ExtensibilityGlobals) = postSolution
		SolutionGuid = {E7A5FFD3-2531-4F8A-928C-06C88AA06CF2}
	EndGlobalSection
EndGlobal
