
Microsoft Visual Studio Solution File, Format Version 12.00
# Visual Studio Version 17
VisualStudioVersion = 17.11.35312.102
MinimumVisualStudioVersion = 10.0.40219.1
Project("{FAE04EC0-301F-11D3-BF4B-00C04F79EFBC}") = "02-Arrays", "02-Arrays\02-Arrays.csproj", "{7B455E6C-A7AB-45B7-A509-5403E6159D25}"
EndProject
Global
	GlobalSection(SolutionConfigurationPlatforms) = preSolution
		Debug|Any CPU = Debug|Any CPU
		Release|Any CPU = Release|Any CPU
	EndGlobalSection
	GlobalSection(ProjectConfigurationPlatforms) = postSolution
		{7B455E6C-A7AB-45B7-A509-5403E6159D25}.Debug|Any CPU.ActiveCfg = Debug|Any CPU
		{7B455E6C-A7AB-45B7-A509-5403E6159D25}.Debug|Any CPU.Build.0 = Debug|Any CPU
		{7B455E6C-A7AB-45B7-A509-5403E6159D25}.Release|Any CPU.ActiveCfg = Release|Any CPU
		{7B455E6C-A7AB-45B7-A509-5403E6159D25}.Release|Any CPU.Build.0 = Release|Any CPU
	EndGlobalSection
	GlobalSection(SolutionProperties) = preSolution
		HideSolutionNode = FALSE
	EndGlobalSection
	GlobalSection(ExtensibilityGlobals) = postSolution
		SolutionGuid = {6674D11D-3EF8-4B87-ABC1-182909A77561}
	EndGlobalSection
EndGlobal
